// !$*UTF8*$!
{
	archiveVersion = 1;
	classes = {
	};
	objectVersion = 46;
	objects = {

/* Begin PBXBuildFile section */
		376DA5241F31074E00EE1795 /* UIOutlinedLabel.swift in Sources */ = {isa = PBXBuildFile; fileRef = 376DA5231F31074E00EE1795 /* UIOutlinedLabel.swift */; };
		376DA5271F3119CB00EE1795 /* ViewController+Utility.swift in Sources */ = {isa = PBXBuildFile; fileRef = 376DA5261F3119CB00EE1795 /* ViewController+Utility.swift */; };
		379AF6251F337B4D00CCEDF3 /* EditContactsTableViewController.swift in Sources */ = {isa = PBXBuildFile; fileRef = 379AF6241F337B4D00CCEDF3 /* EditContactsTableViewController.swift */; };
		379AF6271F337B6500CCEDF3 /* EditContactsTableViewCell.swift in Sources */ = {isa = PBXBuildFile; fileRef = 379AF6261F337B6500CCEDF3 /* EditContactsTableViewCell.swift */; };
		379AF6291F337EEA00CCEDF3 /* EditContactViewController.swift in Sources */ = {isa = PBXBuildFile; fileRef = 379AF6281F337EEA00CCEDF3 /* EditContactViewController.swift */; };
		37AC4C791F32603F0075AFE1 /* CoreDataHelperPerson.swift in Sources */ = {isa = PBXBuildFile; fileRef = 37AC4C781F32603F0075AFE1 /* CoreDataHelperPerson.swift */; };
		37AC4C7B1F32605F0075AFE1 /* CoreDataHelperContact.swift in Sources */ = {isa = PBXBuildFile; fileRef = 37AC4C7A1F32605F0075AFE1 /* CoreDataHelperContact.swift */; };
		37B0B5881F2B92110078233F /* MapKit.framework in Frameworks */ = {isa = PBXBuildFile; fileRef = 37B0B5871F2B92110078233F /* MapKit.framework */; };
		37B0B58A1F2B92200078233F /* CoreLocation.framework in Frameworks */ = {isa = PBXBuildFile; fileRef = 37B0B5891F2B92200078233F /* CoreLocation.framework */; };
		37B0B58C1F2B92880078233F /* MapViewController.swift in Sources */ = {isa = PBXBuildFile; fileRef = 37B0B58B1F2B92880078233F /* MapViewController.swift */; };
		37B5E0B81F292000006C384F /* TextContactsTableViewCell.swift in Sources */ = {isa = PBXBuildFile; fileRef = 37B5E0B71F292000006C384F /* TextContactsTableViewCell.swift */; };
		37B5E0BA1F292283006C384F /* TextContactsTableViewController.swift in Sources */ = {isa = PBXBuildFile; fileRef = 37B5E0B91F292283006C384F /* TextContactsTableViewController.swift */; };
		37B5E0BC1F292FFE006C384F /* SendTextViewController.swift in Sources */ = {isa = PBXBuildFile; fileRef = 37B5E0BB1F292FFE006C384F /* SendTextViewController.swift */; };
		37CB7CF11F2A614500036AA9 /* Activated.storyboard in Resources */ = {isa = PBXBuildFile; fileRef = 37CB7CEF1F2A614500036AA9 /* Activated.storyboard */; };
		37CB7CF31F2A62EE00036AA9 /* CallContactsTableViewCell.swift in Sources */ = {isa = PBXBuildFile; fileRef = 37CB7CF21F2A62EE00036AA9 /* CallContactsTableViewCell.swift */; };
		37CB7CF51F2A631500036AA9 /* CallContactsTableViewController.swift in Sources */ = {isa = PBXBuildFile; fileRef = 37CB7CF41F2A631500036AA9 /* CallContactsTableViewController.swift */; };
		37CB7CF71F2A66D900036AA9 /* CallViewController.swift in Sources */ = {isa = PBXBuildFile; fileRef = 37CB7CF61F2A66D900036AA9 /* CallViewController.swift */; };
		37D47E091F27A2D800BE29E4 /* HomeViewController.swift in Sources */ = {isa = PBXBuildFile; fileRef = 37D47E081F27A2D800BE29E4 /* HomeViewController.swift */; };
		37D47E0B1F27AFC000BE29E4 /* HomeView.swift in Sources */ = {isa = PBXBuildFile; fileRef = 37D47E0A1F27AFC000BE29E4 /* HomeView.swift */; };
		37D47E0D1F27B8E500BE29E4 /* ActionViewController.swift in Sources */ = {isa = PBXBuildFile; fileRef = 37D47E0C1F27B8E500BE29E4 /* ActionViewController.swift */; };
		37D47E0F1F27B8EF00BE29E4 /* SettingsViewController.swift in Sources */ = {isa = PBXBuildFile; fileRef = 37D47E0E1F27B8EF00BE29E4 /* SettingsViewController.swift */; };
		37D47E141F27CBE800BE29E4 /* PasscodeViewController.swift in Sources */ = {isa = PBXBuildFile; fileRef = 37D47E131F27CBE800BE29E4 /* PasscodeViewController.swift */; };
		37E3E8EA1F27DFC900BE9721 /* ChangePasscodeViewController.swift in Sources */ = {isa = PBXBuildFile; fileRef = 37E3E8E91F27DFC900BE9721 /* ChangePasscodeViewController.swift */; };
		37E49B3F1F38BA350093597C /* UserNotifications.framework in Frameworks */ = {isa = PBXBuildFile; fileRef = 37E49B3E1F38BA350093597C /* UserNotifications.framework */; };
		37EBC1091F264401000015DD /* AppDelegate.swift in Sources */ = {isa = PBXBuildFile; fileRef = 37EBC1081F264401000015DD /* AppDelegate.swift */; };
		37EBC10B1F264401000015DD /* ViewController.swift in Sources */ = {isa = PBXBuildFile; fileRef = 37EBC10A1F264401000015DD /* ViewController.swift */; };
		37EBC10E1F264401000015DD /* Main.storyboard in Resources */ = {isa = PBXBuildFile; fileRef = 37EBC10C1F264401000015DD /* Main.storyboard */; };
		37EBC1111F264401000015DD /* Eyes.xcdatamodeld in Sources */ = {isa = PBXBuildFile; fileRef = 37EBC10F1F264401000015DD /* Eyes.xcdatamodeld */; };
		37EBC1131F264401000015DD /* Assets.xcassets in Resources */ = {isa = PBXBuildFile; fileRef = 37EBC1121F264401000015DD /* Assets.xcassets */; };
		37EBC1161F264401000015DD /* LaunchScreen.storyboard in Resources */ = {isa = PBXBuildFile; fileRef = 37EBC1141F264401000015DD /* LaunchScreen.storyboard */; };
		37EBC11F1F26637A000015DD /* InfoViewController.swift in Sources */ = {isa = PBXBuildFile; fileRef = 37EBC11E1F26637A000015DD /* InfoViewController.swift */; };
		37F248201F28D35C00076789 /* Settings.storyboard in Resources */ = {isa = PBXBuildFile; fileRef = 37F2481E1F28D35C00076789 /* Settings.storyboard */; };
		37F248241F28F0C300076789 /* CallTextViewController.swift in Sources */ = {isa = PBXBuildFile; fileRef = 37F248231F28F0C300076789 /* CallTextViewController.swift */; };
		37F248261F290BAF00076789 /* DeactivateViewController.swift in Sources */ = {isa = PBXBuildFile; fileRef = 37F248251F290BAF00076789 /* DeactivateViewController.swift */; };
/* End PBXBuildFile section */

/* Begin PBXFileReference section */
		376DA5231F31074E00EE1795 /* UIOutlinedLabel.swift */ = {isa = PBXFileReference; fileEncoding = 4; lastKnownFileType = sourcecode.swift; path = UIOutlinedLabel.swift; sourceTree = "<group>"; };
		376DA5261F3119CB00EE1795 /* ViewController+Utility.swift */ = {isa = PBXFileReference; fileEncoding = 4; lastKnownFileType = sourcecode.swift; path = "ViewController+Utility.swift"; sourceTree = "<group>"; };
		379AF6241F337B4D00CCEDF3 /* EditContactsTableViewController.swift */ = {isa = PBXFileReference; fileEncoding = 4; lastKnownFileType = sourcecode.swift; path = EditContactsTableViewController.swift; sourceTree = "<group>"; };
		379AF6261F337B6500CCEDF3 /* EditContactsTableViewCell.swift */ = {isa = PBXFileReference; fileEncoding = 4; lastKnownFileType = sourcecode.swift; path = EditContactsTableViewCell.swift; sourceTree = "<group>"; };
		379AF6281F337EEA00CCEDF3 /* EditContactViewController.swift */ = {isa = PBXFileReference; fileEncoding = 4; lastKnownFileType = sourcecode.swift; path = EditContactViewController.swift; sourceTree = "<group>"; };
		37AC4C781F32603F0075AFE1 /* CoreDataHelperPerson.swift */ = {isa = PBXFileReference; fileEncoding = 4; lastKnownFileType = sourcecode.swift; path = CoreDataHelperPerson.swift; sourceTree = "<group>"; };
		37AC4C7A1F32605F0075AFE1 /* CoreDataHelperContact.swift */ = {isa = PBXFileReference; fileEncoding = 4; lastKnownFileType = sourcecode.swift; path = CoreDataHelperContact.swift; sourceTree = "<group>"; };
		37B0B5871F2B92110078233F /* MapKit.framework */ = {isa = PBXFileReference; lastKnownFileType = wrapper.framework; name = MapKit.framework; path = System/Library/Frameworks/MapKit.framework; sourceTree = SDKROOT; };
		37B0B5891F2B92200078233F /* CoreLocation.framework */ = {isa = PBXFileReference; lastKnownFileType = wrapper.framework; name = CoreLocation.framework; path = System/Library/Frameworks/CoreLocation.framework; sourceTree = SDKROOT; };
		37B0B58B1F2B92880078233F /* MapViewController.swift */ = {isa = PBXFileReference; fileEncoding = 4; lastKnownFileType = sourcecode.swift; path = MapViewController.swift; sourceTree = "<group>"; };
		37B5E0B71F292000006C384F /* TextContactsTableViewCell.swift */ = {isa = PBXFileReference; fileEncoding = 4; lastKnownFileType = sourcecode.swift; path = TextContactsTableViewCell.swift; sourceTree = "<group>"; };
		37B5E0B91F292283006C384F /* TextContactsTableViewController.swift */ = {isa = PBXFileReference; fileEncoding = 4; lastKnownFileType = sourcecode.swift; path = TextContactsTableViewController.swift; sourceTree = "<group>"; };
		37B5E0BB1F292FFE006C384F /* SendTextViewController.swift */ = {isa = PBXFileReference; fileEncoding = 4; lastKnownFileType = sourcecode.swift; path = SendTextViewController.swift; sourceTree = "<group>"; };
		37CB7CF01F2A614500036AA9 /* Base */ = {isa = PBXFileReference; lastKnownFileType = file.storyboard; name = Base; path = Base.lproj/Activated.storyboard; sourceTree = "<group>"; };
		37CB7CF21F2A62EE00036AA9 /* CallContactsTableViewCell.swift */ = {isa = PBXFileReference; fileEncoding = 4; lastKnownFileType = sourcecode.swift; path = CallContactsTableViewCell.swift; sourceTree = "<group>"; };
		37CB7CF41F2A631500036AA9 /* CallContactsTableViewController.swift */ = {isa = PBXFileReference; fileEncoding = 4; lastKnownFileType = sourcecode.swift; path = CallContactsTableViewController.swift; sourceTree = "<group>"; };
		37CB7CF61F2A66D900036AA9 /* CallViewController.swift */ = {isa = PBXFileReference; fileEncoding = 4; lastKnownFileType = sourcecode.swift; path = CallViewController.swift; sourceTree = "<group>"; };
		37D47E081F27A2D800BE29E4 /* HomeViewController.swift */ = {isa = PBXFileReference; fileEncoding = 4; lastKnownFileType = sourcecode.swift; path = HomeViewController.swift; sourceTree = "<group>"; };
		37D47E0A1F27AFC000BE29E4 /* HomeView.swift */ = {isa = PBXFileReference; fileEncoding = 4; lastKnownFileType = sourcecode.swift; path = HomeView.swift; sourceTree = "<group>"; };
		37D47E0C1F27B8E500BE29E4 /* ActionViewController.swift */ = {isa = PBXFileReference; fileEncoding = 4; lastKnownFileType = sourcecode.swift; path = ActionViewController.swift; sourceTree = "<group>"; };
		37D47E0E1F27B8EF00BE29E4 /* SettingsViewController.swift */ = {isa = PBXFileReference; fileEncoding = 4; lastKnownFileType = sourcecode.swift; path = SettingsViewController.swift; sourceTree = "<group>"; };
		37D47E131F27CBE800BE29E4 /* PasscodeViewController.swift */ = {isa = PBXFileReference; fileEncoding = 4; lastKnownFileType = sourcecode.swift; path = PasscodeViewController.swift; sourceTree = "<group>"; };
		37E3E8E91F27DFC900BE9721 /* ChangePasscodeViewController.swift */ = {isa = PBXFileReference; fileEncoding = 4; lastKnownFileType = sourcecode.swift; path = ChangePasscodeViewController.swift; sourceTree = "<group>"; };
		37E49B3D1F38B7CA0093597C /* Eyes.entitlements */ = {isa = PBXFileReference; lastKnownFileType = text.plist.entitlements; path = Eyes.entitlements; sourceTree = "<group>"; };
		37E49B3E1F38BA350093597C /* UserNotifications.framework */ = {isa = PBXFileReference; lastKnownFileType = wrapper.framework; name = UserNotifications.framework; path = System/Library/Frameworks/UserNotifications.framework; sourceTree = SDKROOT; };
		37EBC1051F264401000015DD /* Eyes.app */ = {isa = PBXFileReference; explicitFileType = wrapper.application; includeInIndex = 0; path = Eyes.app; sourceTree = BUILT_PRODUCTS_DIR; };
		37EBC1081F264401000015DD /* AppDelegate.swift */ = {isa = PBXFileReference; lastKnownFileType = sourcecode.swift; path = AppDelegate.swift; sourceTree = "<group>"; };
		37EBC10A1F264401000015DD /* ViewController.swift */ = {isa = PBXFileReference; lastKnownFileType = sourcecode.swift; path = ViewController.swift; sourceTree = "<group>"; };
		37EBC10D1F264401000015DD /* Base */ = {isa = PBXFileReference; lastKnownFileType = file.storyboard; name = Base; path = Base.lproj/Main.storyboard; sourceTree = "<group>"; };
		37EBC1101F264401000015DD /* Eyes.xcdatamodel */ = {isa = PBXFileReference; lastKnownFileType = wrapper.xcdatamodel; path = Eyes.xcdatamodel; sourceTree = "<group>"; };
		37EBC1121F264401000015DD /* Assets.xcassets */ = {isa = PBXFileReference; lastKnownFileType = folder.assetcatalog; path = Assets.xcassets; sourceTree = "<group>"; };
		37EBC1151F264401000015DD /* Base */ = {isa = PBXFileReference; lastKnownFileType = file.storyboard; name = Base; path = Base.lproj/LaunchScreen.storyboard; sourceTree = "<group>"; };
		37EBC1171F264401000015DD /* Info.plist */ = {isa = PBXFileReference; lastKnownFileType = text.plist.xml; path = Info.plist; sourceTree = "<group>"; };
		37EBC11E1F26637A000015DD /* InfoViewController.swift */ = {isa = PBXFileReference; fileEncoding = 4; lastKnownFileType = sourcecode.swift; path = InfoViewController.swift; sourceTree = "<group>"; };
		37F2481F1F28D35C00076789 /* Base */ = {isa = PBXFileReference; lastKnownFileType = file.storyboard; name = Base; path = Base.lproj/Settings.storyboard; sourceTree = "<group>"; };
		37F248231F28F0C300076789 /* CallTextViewController.swift */ = {isa = PBXFileReference; fileEncoding = 4; lastKnownFileType = sourcecode.swift; path = CallTextViewController.swift; sourceTree = "<group>"; };
		37F248251F290BAF00076789 /* DeactivateViewController.swift */ = {isa = PBXFileReference; fileEncoding = 4; lastKnownFileType = sourcecode.swift; path = DeactivateViewController.swift; sourceTree = "<group>"; };
/* End PBXFileReference section */

/* Begin PBXFrameworksBuildPhase section */
		37EBC1021F264401000015DD /* Frameworks */ = {
			isa = PBXFrameworksBuildPhase;
			buildActionMask = 2147483647;
			files = (
				37E49B3F1F38BA350093597C /* UserNotifications.framework in Frameworks */,
				37B0B58A1F2B92200078233F /* CoreLocation.framework in Frameworks */,
				37B0B5881F2B92110078233F /* MapKit.framework in Frameworks */,
			);
			runOnlyForDeploymentPostprocessing = 0;
		};
/* End PBXFrameworksBuildPhase section */

/* Begin PBXGroup section */
		376DA5251F31199300EE1795 /* Extensions */ = {
			isa = PBXGroup;
			children = (
				376DA5261F3119CB00EE1795 /* ViewController+Utility.swift */,
			);
			name = Extensions;
			sourceTree = "<group>";
		};
		37AC4C6D1F320F130075AFE1 /* Storyboards */ = {
			isa = PBXGroup;
			children = (
				37EBC10C1F264401000015DD /* Main.storyboard */,
				37CB7CEF1F2A614500036AA9 /* Activated.storyboard */,
				37F2481E1F28D35C00076789 /* Settings.storyboard */,
				37EBC1141F264401000015DD /* LaunchScreen.storyboard */,
			);
			name = Storyboards;
			sourceTree = "<group>";
		};
		37AC4C6E1F320FA60075AFE1 /* Helpers */ = {
			isa = PBXGroup;
			children = (
				37AC4C781F32603F0075AFE1 /* CoreDataHelperPerson.swift */,
				37AC4C7A1F32605F0075AFE1 /* CoreDataHelperContact.swift */,
			);
			name = Helpers;
			sourceTree = "<group>";
		};
		37AC4C711F3210010075AFE1 /* Models */ = {
			isa = PBXGroup;
			children = (
				37AC4C6D1F320F130075AFE1 /* Storyboards */,
				37EBC1121F264401000015DD /* Assets.xcassets */,
				37EBC1171F264401000015DD /* Info.plist */,
				37EBC10F1F264401000015DD /* Eyes.xcdatamodeld */,
			);
			name = Models;
			sourceTree = "<group>";
		};
		37B0B5861F2B92100078233F /* Frameworks */ = {
			isa = PBXGroup;
			children = (
				37E49B3E1F38BA350093597C /* UserNotifications.framework */,
				37B0B5891F2B92200078233F /* CoreLocation.framework */,
				37B0B5871F2B92110078233F /* MapKit.framework */,
			);
			name = Frameworks;
			sourceTree = "<group>";
		};
		37D47E101F27B8F400BE29E4 /* Views */ = {
			isa = PBXGroup;
			children = (
				37D47E0A1F27AFC000BE29E4 /* HomeView.swift */,
				37B5E0B71F292000006C384F /* TextContactsTableViewCell.swift */,
				37CB7CF21F2A62EE00036AA9 /* CallContactsTableViewCell.swift */,
				376DA5231F31074E00EE1795 /* UIOutlinedLabel.swift */,
				379AF6261F337B6500CCEDF3 /* EditContactsTableViewCell.swift */,
			);
			name = Views;
			sourceTree = "<group>";
		};
		37EBC0FC1F264401000015DD = {
			isa = PBXGroup;
			children = (
				37EBC1071F264401000015DD /* Eyes */,
				37EBC1061F264401000015DD /* Products */,
				37B0B5861F2B92100078233F /* Frameworks */,
			);
			sourceTree = "<group>";
		};
		37EBC1061F264401000015DD /* Products */ = {
			isa = PBXGroup;
			children = (
				37EBC1051F264401000015DD /* Eyes.app */,
			);
			name = Products;
			sourceTree = "<group>";
		};
		37EBC1071F264401000015DD /* Eyes */ = {
			isa = PBXGroup;
			children = (
				37E49B3D1F38B7CA0093597C /* Eyes.entitlements */,
				37EBC1081F264401000015DD /* AppDelegate.swift */,
				37AC4C6E1F320FA60075AFE1 /* Helpers */,
				376DA5251F31199300EE1795 /* Extensions */,
				37EBC11D1F266347000015DD /* Controllers */,
				37D47E101F27B8F400BE29E4 /* Views */,
				37AC4C711F3210010075AFE1 /* Models */,
			);
			path = Eyes;
			sourceTree = "<group>";
		};
		37EBC11D1F266347000015DD /* Controllers */ = {
			isa = PBXGroup;
			children = (
				37EBC10A1F264401000015DD /* ViewController.swift */,
				37EBC11E1F26637A000015DD /* InfoViewController.swift */,
				37D47E081F27A2D800BE29E4 /* HomeViewController.swift */,
				37D47E0C1F27B8E500BE29E4 /* ActionViewController.swift */,
				37D47E0E1F27B8EF00BE29E4 /* SettingsViewController.swift */,
				37D47E131F27CBE800BE29E4 /* PasscodeViewController.swift */,
				37E3E8E91F27DFC900BE9721 /* ChangePasscodeViewController.swift */,
				37F248231F28F0C300076789 /* CallTextViewController.swift */,
				37F248251F290BAF00076789 /* DeactivateViewController.swift */,
				37B5E0B91F292283006C384F /* TextContactsTableViewController.swift */,
				37B5E0BB1F292FFE006C384F /* SendTextViewController.swift */,
				37CB7CF41F2A631500036AA9 /* CallContactsTableViewController.swift */,
				37CB7CF61F2A66D900036AA9 /* CallViewController.swift */,
				37B0B58B1F2B92880078233F /* MapViewController.swift */,
				379AF6241F337B4D00CCEDF3 /* EditContactsTableViewController.swift */,
				379AF6281F337EEA00CCEDF3 /* EditContactViewController.swift */,
			);
			name = Controllers;
			sourceTree = "<group>";
		};
/* End PBXGroup section */

/* Begin PBXNativeTarget section */
		37EBC1041F264401000015DD /* Eyes */ = {
			isa = PBXNativeTarget;
			buildConfigurationList = 37EBC11A1F264401000015DD /* Build configuration list for PBXNativeTarget "Eyes" */;
			buildPhases = (
				37EBC1011F264401000015DD /* Sources */,
				37EBC1021F264401000015DD /* Frameworks */,
				37EBC1031F264401000015DD /* Resources */,
			);
			buildRules = (
			);
			dependencies = (
			);
			name = Eyes;
			productName = Eyes;
			productReference = 37EBC1051F264401000015DD /* Eyes.app */;
			productType = "com.apple.product-type.application";
		};
/* End PBXNativeTarget section */

/* Begin PBXProject section */
		37EBC0FD1F264401000015DD /* Project object */ = {
			isa = PBXProject;
			attributes = {
				LastSwiftUpdateCheck = 0830;
				LastUpgradeCheck = 0830;
				ORGANIZATIONNAME = "Ava Crnkovic-Rubsamen";
				TargetAttributes = {
					37EBC1041F264401000015DD = {
						CreatedOnToolsVersion = 8.3.3;
						DevelopmentTeam = 833EANH5C9;
						ProvisioningStyle = Automatic;
						SystemCapabilities = {
							com.apple.Push = {
								enabled = 1;
							};
						};
					};
				};
			};
			buildConfigurationList = 37EBC1001F264401000015DD /* Build configuration list for PBXProject "Eyes" */;
			compatibilityVersion = "Xcode 3.2";
			developmentRegion = English;
			hasScannedForEncodings = 0;
			knownRegions = (
				en,
				Base,
			);
			mainGroup = 37EBC0FC1F264401000015DD;
			productRefGroup = 37EBC1061F264401000015DD /* Products */;
			projectDirPath = "";
			projectRoot = "";
			targets = (
				37EBC1041F264401000015DD /* Eyes */,
			);
		};
/* End PBXProject section */

/* Begin PBXResourcesBuildPhase section */
		37EBC1031F264401000015DD /* Resources */ = {
			isa = PBXResourcesBuildPhase;
			buildActionMask = 2147483647;
			files = (
				37EBC1161F264401000015DD /* LaunchScreen.storyboard in Resources */,
				37CB7CF11F2A614500036AA9 /* Activated.storyboard in Resources */,
				37EBC1131F264401000015DD /* Assets.xcassets in Resources */,
				37EBC10E1F264401000015DD /* Main.storyboard in Resources */,
				37F248201F28D35C00076789 /* Settings.storyboard in Resources */,
			);
			runOnlyForDeploymentPostprocessing = 0;
		};
/* End PBXResourcesBuildPhase section */

/* Begin PBXSourcesBuildPhase section */
		37EBC1011F264401000015DD /* Sources */ = {
			isa = PBXSourcesBuildPhase;
			buildActionMask = 2147483647;
			files = (
				376DA5241F31074E00EE1795 /* UIOutlinedLabel.swift in Sources */,
				37CB7CF51F2A631500036AA9 /* CallContactsTableViewController.swift in Sources */,
				37CB7CF71F2A66D900036AA9 /* CallViewController.swift in Sources */,
				37B0B58C1F2B92880078233F /* MapViewController.swift in Sources */,
				37D47E0B1F27AFC000BE29E4 /* HomeView.swift in Sources */,
				37D47E141F27CBE800BE29E4 /* PasscodeViewController.swift in Sources */,
				37F248241F28F0C300076789 /* CallTextViewController.swift in Sources */,
				37D47E0D1F27B8E500BE29E4 /* ActionViewController.swift in Sources */,
				37B5E0BC1F292FFE006C384F /* SendTextViewController.swift in Sources */,
				37EBC1111F264401000015DD /* Eyes.xcdatamodeld in Sources */,
				376DA5271F3119CB00EE1795 /* ViewController+Utility.swift in Sources */,
				37EBC10B1F264401000015DD /* ViewController.swift in Sources */,
				379AF6251F337B4D00CCEDF3 /* EditContactsTableViewController.swift in Sources */,
				37F248261F290BAF00076789 /* DeactivateViewController.swift in Sources */,
				37EBC11F1F26637A000015DD /* InfoViewController.swift in Sources */,
				37E3E8EA1F27DFC900BE9721 /* ChangePasscodeViewController.swift in Sources */,
				37AC4C791F32603F0075AFE1 /* CoreDataHelperPerson.swift in Sources */,
				37CB7CF31F2A62EE00036AA9 /* CallContactsTableViewCell.swift in Sources */,
				37EBC1091F264401000015DD /* AppDelegate.swift in Sources */,
				37D47E091F27A2D800BE29E4 /* HomeViewController.swift in Sources */,
				37D47E0F1F27B8EF00BE29E4 /* SettingsViewController.swift in Sources */,
				37AC4C7B1F32605F0075AFE1 /* CoreDataHelperContact.swift in Sources */,
				379AF6271F337B6500CCEDF3 /* EditContactsTableViewCell.swift in Sources */,
				37B5E0BA1F292283006C384F /* TextContactsTableViewController.swift in Sources */,
				37B5E0B81F292000006C384F /* TextContactsTableViewCell.swift in Sources */,
				379AF6291F337EEA00CCEDF3 /* EditContactViewController.swift in Sources */,
			);
			runOnlyForDeploymentPostprocessing = 0;
		};
/* End PBXSourcesBuildPhase section */

/* Begin PBXVariantGroup section */
		37CB7CEF1F2A614500036AA9 /* Activated.storyboard */ = {
			isa = PBXVariantGroup;
			children = (
				37CB7CF01F2A614500036AA9 /* Base */,
			);
			name = Activated.storyboard;
			sourceTree = "<group>";
		};
		37EBC10C1F264401000015DD /* Main.storyboard */ = {
			isa = PBXVariantGroup;
			children = (
				37EBC10D1F264401000015DD /* Base */,
			);
			name = Main.storyboard;
			sourceTree = "<group>";
		};
		37EBC1141F264401000015DD /* LaunchScreen.storyboard */ = {
			isa = PBXVariantGroup;
			children = (
				37EBC1151F264401000015DD /* Base */,
			);
			name = LaunchScreen.storyboard;
			sourceTree = "<group>";
		};
		37F2481E1F28D35C00076789 /* Settings.storyboard */ = {
			isa = PBXVariantGroup;
			children = (
				37F2481F1F28D35C00076789 /* Base */,
			);
			name = Settings.storyboard;
			sourceTree = "<group>";
		};
/* End PBXVariantGroup section */

/* Begin XCBuildConfiguration section */
		37EBC1181F264401000015DD /* Debug */ = {
			isa = XCBuildConfiguration;
			buildSettings = {
				ALWAYS_SEARCH_USER_PATHS = NO;
				CLANG_ANALYZER_NONNULL = YES;
				CLANG_ANALYZER_NUMBER_OBJECT_CONVERSION = YES_AGGRESSIVE;
				CLANG_CXX_LANGUAGE_STANDARD = "gnu++0x";
				CLANG_CXX_LIBRARY = "libc++";
				CLANG_ENABLE_MODULES = YES;
				CLANG_ENABLE_OBJC_ARC = YES;
				CLANG_WARN_BOOL_CONVERSION = YES;
				CLANG_WARN_CONSTANT_CONVERSION = YES;
				CLANG_WARN_DIRECT_OBJC_ISA_USAGE = YES_ERROR;
				CLANG_WARN_DOCUMENTATION_COMMENTS = YES;
				CLANG_WARN_EMPTY_BODY = YES;
				CLANG_WARN_ENUM_CONVERSION = YES;
				CLANG_WARN_INFINITE_RECURSION = YES;
				CLANG_WARN_INT_CONVERSION = YES;
				CLANG_WARN_OBJC_ROOT_CLASS = YES_ERROR;
				CLANG_WARN_SUSPICIOUS_MOVE = YES;
				CLANG_WARN_UNREACHABLE_CODE = YES;
				CLANG_WARN__DUPLICATE_METHOD_MATCH = YES;
				"CODE_SIGN_IDENTITY[sdk=iphoneos*]" = "iPhone Developer";
				COPY_PHASE_STRIP = NO;
				DEBUG_INFORMATION_FORMAT = dwarf;
				ENABLE_STRICT_OBJC_MSGSEND = YES;
				ENABLE_TESTABILITY = YES;
				GCC_C_LANGUAGE_STANDARD = gnu99;
				GCC_DYNAMIC_NO_PIC = NO;
				GCC_NO_COMMON_BLOCKS = YES;
				GCC_OPTIMIZATION_LEVEL = 0;
				GCC_PREPROCESSOR_DEFINITIONS = (
					"DEBUG=1",
					"$(inherited)",
				);
				GCC_WARN_64_TO_32_BIT_CONVERSION = YES;
				GCC_WARN_ABOUT_RETURN_TYPE = YES_ERROR;
				GCC_WARN_UNDECLARED_SELECTOR = YES;
				GCC_WARN_UNINITIALIZED_AUTOS = YES_AGGRESSIVE;
				GCC_WARN_UNUSED_FUNCTION = YES;
				GCC_WARN_UNUSED_VARIABLE = YES;
				IPHONEOS_DEPLOYMENT_TARGET = 10.3;
				MTL_ENABLE_DEBUG_INFO = YES;
				ONLY_ACTIVE_ARCH = YES;
				SDKROOT = iphoneos;
				SWIFT_ACTIVE_COMPILATION_CONDITIONS = DEBUG;
				SWIFT_OPTIMIZATION_LEVEL = "-Onone";
			};
			name = Debug;
		};
		37EBC1191F264401000015DD /* Release */ = {
			isa = XCBuildConfiguration;
			buildSettings = {
				ALWAYS_SEARCH_USER_PATHS = NO;
				CLANG_ANALYZER_NONNULL = YES;
				CLANG_ANALYZER_NUMBER_OBJECT_CONVERSION = YES_AGGRESSIVE;
				CLANG_CXX_LANGUAGE_STANDARD = "gnu++0x";
				CLANG_CXX_LIBRARY = "libc++";
				CLANG_ENABLE_MODULES = YES;
				CLANG_ENABLE_OBJC_ARC = YES;
				CLANG_WARN_BOOL_CONVERSION = YES;
				CLANG_WARN_CONSTANT_CONVERSION = YES;
				CLANG_WARN_DIRECT_OBJC_ISA_USAGE = YES_ERROR;
				CLANG_WARN_DOCUMENTATION_COMMENTS = YES;
				CLANG_WARN_EMPTY_BODY = YES;
				CLANG_WARN_ENUM_CONVERSION = YES;
				CLANG_WARN_INFINITE_RECURSION = YES;
				CLANG_WARN_INT_CONVERSION = YES;
				CLANG_WARN_OBJC_ROOT_CLASS = YES_ERROR;
				CLANG_WARN_SUSPICIOUS_MOVE = YES;
				CLANG_WARN_UNREACHABLE_CODE = YES;
				CLANG_WARN__DUPLICATE_METHOD_MATCH = YES;
				"CODE_SIGN_IDENTITY[sdk=iphoneos*]" = "iPhone Developer";
				COPY_PHASE_STRIP = NO;
				DEBUG_INFORMATION_FORMAT = "dwarf-with-dsym";
				ENABLE_NS_ASSERTIONS = NO;
				ENABLE_STRICT_OBJC_MSGSEND = YES;
				GCC_C_LANGUAGE_STANDARD = gnu99;
				GCC_NO_COMMON_BLOCKS = YES;
				GCC_WARN_64_TO_32_BIT_CONVERSION = YES;
				GCC_WARN_ABOUT_RETURN_TYPE = YES_ERROR;
				GCC_WARN_UNDECLARED_SELECTOR = YES;
				GCC_WARN_UNINITIALIZED_AUTOS = YES_AGGRESSIVE;
				GCC_WARN_UNUSED_FUNCTION = YES;
				GCC_WARN_UNUSED_VARIABLE = YES;
				IPHONEOS_DEPLOYMENT_TARGET = 10.3;
				MTL_ENABLE_DEBUG_INFO = NO;
				SDKROOT = iphoneos;
				SWIFT_OPTIMIZATION_LEVEL = "-Owholemodule";
				VALIDATE_PRODUCT = YES;
			};
			name = Release;
		};
		37EBC11B1F264401000015DD /* Debug */ = {
			isa = XCBuildConfiguration;
			buildSettings = {
				ASSETCATALOG_COMPILER_APPICON_NAME = AppIcon;
				CODE_SIGN_ENTITLEMENTS = Eyes/Eyes.entitlements;
				DEVELOPMENT_TEAM = 833EANH5C9;
				INFOPLIST_FILE = Eyes/Info.plist;
				LD_RUNPATH_SEARCH_PATHS = "$(inherited) @executable_path/Frameworks";
				PRODUCT_BUNDLE_IDENTIFIER = com.avacr.eyes;
				PRODUCT_NAME = "$(TARGET_NAME)";
				SWIFT_VERSION = 3.0;
			};
			name = Debug;
		};
		37EBC11C1F264401000015DD /* Release */ = {
			isa = XCBuildConfiguration;
			buildSettings = {
				ASSETCATALOG_COMPILER_APPICON_NAME = AppIcon;
				CODE_SIGN_ENTITLEMENTS = Eyes/Eyes.entitlements;
				DEVELOPMENT_TEAM = 833EANH5C9;
				INFOPLIST_FILE = Eyes/Info.plist;
				LD_RUNPATH_SEARCH_PATHS = "$(inherited) @executable_path/Frameworks";
				PRODUCT_BUNDLE_IDENTIFIER = com.avacr.eyes;
				PRODUCT_NAME = "$(TARGET_NAME)";
				SWIFT_VERSION = 3.0;
			};
			name = Release;
		};
/* End XCBuildConfiguration section */

/* Begin XCConfigurationList section */
		37EBC1001F264401000015DD /* Build configuration list for PBXProject "Eyes" */ = {
			isa = XCConfigurationList;
			buildConfigurations = (
				37EBC1181F264401000015DD /* Debug */,
				37EBC1191F264401000015DD /* Release */,
			);
			defaultConfigurationIsVisible = 0;
			defaultConfigurationName = Release;
		};
		37EBC11A1F264401000015DD /* Build configuration list for PBXNativeTarget "Eyes" */ = {
			isa = XCConfigurationList;
			buildConfigurations = (
				37EBC11B1F264401000015DD /* Debug */,
				37EBC11C1F264401000015DD /* Release */,
			);
			defaultConfigurationIsVisible = 0;
			defaultConfigurationName = Release;
		};
/* End XCConfigurationList section */

/* Begin XCVersionGroup section */
		37EBC10F1F264401000015DD /* Eyes.xcdatamodeld */ = {
			isa = XCVersionGroup;
			children = (
				37EBC1101F264401000015DD /* Eyes.xcdatamodel */,
			);
			currentVersion = 37EBC1101F264401000015DD /* Eyes.xcdatamodel */;
			path = Eyes.xcdatamodeld;
			sourceTree = "<group>";
			versionGroupType = wrapper.xcdatamodel;
		};
/* End XCVersionGroup section */
	};
	rootObject = 37EBC0FD1F264401000015DD /* Project object */;
}
